{
  "name": "Project",
  "lockfileVersion": 2,
  "requires": true,
  "packages": {
    "": {
      "dependencies": {
        "arraybuffer-to-audiobuffer": "^0.0.5",
        "audio-context": "^1.0.3",
        "audio-generator": "^2.1.2",
        "web-audio-stream": "^3.0.1"
      }
    },
    "node_modules/arraybuffer-to-audiobuffer": {
      "version": "0.0.5",
      "resolved": "https://registry.npmjs.org/arraybuffer-to-audiobuffer/-/arraybuffer-to-audiobuffer-0.0.5.tgz",
      "integrity": "sha512-bhSUiHVdspNVh5imbfUzwkj6bbLgryVwPcF9dkG2qbJ0JBvRboDNLOcL9eHYPNJJAbsKLuRT2+DQ9VsDnfQ7fQ==",
      "engines": {
        "node": ">=0.10.0"
      }
    },
    "node_modules/atob-lite": {
      "version": "1.0.0",
      "resolved": "https://registry.npmjs.org/atob-lite/-/atob-lite-1.0.0.tgz",
      "integrity": "sha1-uI3KYAaSK5YglPdVaCa6sxxKKWs="
    },
    "node_modules/audio-buffer": {
      "version": "3.2.1",
      "resolved": "https://registry.npmjs.org/audio-buffer/-/audio-buffer-3.2.1.tgz",
      "integrity": "sha1-y/8sFXf7CvxckjKQLVQ7L5bdQz0=",
      "dependencies": {
        "audio-context": "^1.0.0",
        "buffer-to-arraybuffer": "latest",
        "is-audio-buffer": "^1.0.1",
        "is-browser": "^2.0.1",
        "is-buffer": "^1.1.0",
        "is-plain-obj": "^1.1.0"
      }
    },
    "node_modules/audio-buffer-list": {
      "version": "2.0.7",
      "resolved": "https://registry.npmjs.org/audio-buffer-list/-/audio-buffer-list-2.0.7.tgz",
      "integrity": "sha1-iL5ug1F0MpVSsBQzAlwnx6189dY=",
      "dependencies": {
        "audio-buffer": "^3.0.0",
        "audio-buffer-utils": "^4.1.1",
        "inherits": "^2.0.3",
        "is-audio-buffer": "^1.0.5",
        "is-plain-obj": "^1.1.0",
        "negative-index": "^1.0.2",
        "object-assign": "^4.1.1"
      }
    },
    "node_modules/audio-buffer-utils": {
      "version": "4.3.2",
      "resolved": "https://registry.npmjs.org/audio-buffer-utils/-/audio-buffer-utils-4.3.2.tgz",
      "integrity": "sha1-1VX67Y1s7rEgYZ45+mkTdPIQM4A=",
      "dependencies": {
        "audio-buffer": "^3.1.1",
        "audio-context": "^1.0.0",
        "clamp": "^1.0.1",
        "is-audio-buffer": "^1.0.0",
        "is-browser": "^2.0.1",
        "negative-index": "^1.0.2",
        "typedarray-methods": "^1.0.0"
      }
    },
    "node_modules/audio-context": {
      "version": "1.0.3",
      "resolved": "https://registry.npmjs.org/audio-context/-/audio-context-1.0.3.tgz",
      "integrity": "sha512-RH3/rM74f2ITlohhjgC7oYZVS97wtv/SEjXLCzEinnrIPIDxc39m2aFc6wmdkM0NYRKo1DMleYPMAIbnTRW0eA=="
    },
    "node_modules/audio-generator": {
      "version": "2.1.2",
      "resolved": "https://registry.npmjs.org/audio-generator/-/audio-generator-2.1.2.tgz",
      "integrity": "sha1-lEhPofavlHuNoDhi9NzuhLe81ak=",
      "dependencies": {
        "audio-buffer": "^2.4.5",
        "audio-buffer-utils": "^4.0.0",
        "audio-through": "^2.0.1",
        "inherits": "^2.0.1",
        "pcm-util": "^2.0.3",
        "xtend": "^4.0.0"
      }
    },
    "node_modules/audio-generator/node_modules/audio-buffer": {
      "version": "2.4.6",
      "resolved": "https://registry.npmjs.org/audio-buffer/-/audio-buffer-2.4.6.tgz",
      "integrity": "sha1-L5e9srucpG0i07AdQzT0mSTromA=",
      "dependencies": {
        "audio-context": "latest",
        "buffer-to-arraybuffer": "latest",
        "is-audio-buffer": "^1.0.1",
        "is-browser": "^2.0.1",
        "is-buffer": "^1.1.0"
      }
    },
    "node_modules/audio-through": {
      "version": "2.2.3",
      "resolved": "https://registry.npmjs.org/audio-through/-/audio-through-2.2.3.tgz",
      "integrity": "sha1-FPyMN7YT0chwz67gS/RFTCiVn78=",
      "dependencies": {
        "audio-buffer": "^3.1.1",
        "audio-context": "^1.0.0",
        "inherits": "^2.0.1",
        "is-audio-buffer": "^1.0.1",
        "is-promise": "^2.1.0",
        "object-assign": "^4.1.1",
        "pcm-util": "^2.0.1",
        "performance-now": "^2.1.0"
      }
    },
    "node_modules/buffer-to-arraybuffer": {
      "version": "0.0.5",
      "resolved": "https://registry.npmjs.org/buffer-to-arraybuffer/-/buffer-to-arraybuffer-0.0.5.tgz",
      "integrity": "sha1-YGSkD6dutDxyOrqe+PbhIW0QURo="
    },
    "node_modules/clamp": {
      "version": "1.0.1",
      "resolved": "https://registry.npmjs.org/clamp/-/clamp-1.0.1.tgz",
      "integrity": "sha1-ZqDmQBGBbjcZaCj9yMjBRzEshjQ="
    },
    "node_modules/data-uri-regex": {
      "version": "0.1.4",
      "resolved": "https://registry.npmjs.org/data-uri-regex/-/data-uri-regex-0.1.4.tgz",
      "integrity": "sha1-Hh22yDl+yopI7NtVrRuSfsC7rC4=",
      "engines": {
        "node": ">=0.12.0"
      }
    },
    "node_modules/inherits": {
      "version": "2.0.4",
      "resolved": "https://registry.npmjs.org/inherits/-/inherits-2.0.4.tgz",
      "integrity": "sha512-k/vGaX4/Yla3WzyMCvTQOXYeIHvqOKtnqBduzTHpzpQZzAskKMhZ2K+EnBiSM9zGSoIFeMpXKxa4dYeZIQqewQ=="
    },
    "node_modules/is-audio-buffer": {
      "version": "1.1.0",
      "resolved": "https://registry.npmjs.org/is-audio-buffer/-/is-audio-buffer-1.1.0.tgz",
      "integrity": "sha512-fmPC/dizJmP4ITCsW5oTQGMJ9wZVE+A/zAe6FQo3XwgERxmXHmm3ON5XkWDAxmyxvsrDmWx3NArpSgamp/59AA=="
    },
    "node_modules/is-browser": {
      "version": "2.1.0",
      "resolved": "https://registry.npmjs.org/is-browser/-/is-browser-2.1.0.tgz",
      "integrity": "sha512-F5rTJxDQ2sW81fcfOR1GnCXT6sVJC104fCyfj+mjpwNEwaPYSn5fte5jiHmBg3DHsIoL/l8Kvw5VN5SsTRcRFQ=="
    },
    "node_modules/is-buffer": {
      "version": "1.1.6",
      "resolved": "https://registry.npmjs.org/is-buffer/-/is-buffer-1.1.6.tgz",
      "integrity": "sha512-NcdALwpXkTm5Zvvbk7owOUSvVvBKDgKP5/ewfXEznmQFfs4ZRmanOeKBTjRVjka3QFoN6XJ+9F3USqfHqTaU5w=="
    },
    "node_modules/is-data-uri": {
      "version": "0.1.0",
      "resolved": "https://registry.npmjs.org/is-data-uri/-/is-data-uri-0.1.0.tgz",
      "integrity": "sha1-Ru5ntjwYwf+gvU36ss0sgccoI38=",
      "dependencies": {
        "data-uri-regex": "^0.1.2"
      },
      "engines": {
        "node": ">=0.10.0"
      }
    },
    "node_modules/is-plain-obj": {
      "version": "1.1.0",
      "resolved": "https://registry.npmjs.org/is-plain-obj/-/is-plain-obj-1.1.0.tgz",
      "integrity": "sha1-caUMhCnfync8kqOQpKA7OfzVHT4=",
      "engines": {
        "node": ">=0.10.0"
      }
    },
    "node_modules/is-promise": {
      "version": "2.2.2",
      "resolved": "https://registry.npmjs.org/is-promise/-/is-promise-2.2.2.tgz",
      "integrity": "sha512-+lP4/6lKUBfQjZ2pdxThZvLUAafmZb8OAxFb8XXtiQmS35INgr85hdOGoEs124ez1FCnZJt6jau/T+alh58QFQ=="
    },
    "node_modules/negative-index": {
      "version": "1.0.3",
      "resolved": "https://registry.npmjs.org/negative-index/-/negative-index-1.0.3.tgz",
      "integrity": "sha512-SzyzUmUYmerjD9gOEqizFRcDakY+Cf/59rOfqMi4bT212PN6g+jkUOjr/Sx9oOUOxi7qf6dsRwE0PPeRIq4DRw==",
      "dependencies": {
        "negative-zero": "^2.0.0"
      }
    },
    "node_modules/negative-zero": {
      "version": "2.0.0",
      "resolved": "https://registry.npmjs.org/negative-zero/-/negative-zero-2.0.0.tgz",
      "integrity": "sha1-7jAaowFLQBgJFqGeN3kqN1ZwhVc=",
      "engines": {
        "node": ">=4"
      }
    },
    "node_modules/object-assign": {
      "version": "4.1.1",
      "resolved": "https://registry.npmjs.org/object-assign/-/object-assign-4.1.1.tgz",
      "integrity": "sha1-IQmtx5ZYh8/AXLvUQsrIv7s2CGM=",
      "engines": {
        "node": ">=0.10.0"
      }
    },
    "node_modules/pcm-util": {
      "version": "2.1.0",
      "resolved": "https://registry.npmjs.org/pcm-util/-/pcm-util-2.1.0.tgz",
      "integrity": "sha1-UazkawngEX+5L2VPYy3LLtnIYGU=",
      "dependencies": {
        "audio-buffer": "^3.0.0",
        "is-audio-buffer": "^1.0.1",
        "is-buffer": "^1.1.0",
        "to-array-buffer": "^1.0.0"
      }
    },
    "node_modules/performance-now": {
      "version": "2.1.0",
      "resolved": "https://registry.npmjs.org/performance-now/-/performance-now-2.1.0.tgz",
      "integrity": "sha1-Ywn04OX6kT7BxpMHrjZLSzd8nns="
    },
    "node_modules/pull-stream": {
      "version": "3.6.14",
      "resolved": "https://registry.npmjs.org/pull-stream/-/pull-stream-3.6.14.tgz",
      "integrity": "sha512-KIqdvpqHHaTUA2mCYcLG1ibEbu/LCKoJZsBWyv9lSYtPkJPBq8m3Hxa103xHi6D2thj5YXa0TqK3L3GUkwgnew=="
    },
    "node_modules/to-array-buffer": {
      "version": "1.2.4",
      "resolved": "https://registry.npmjs.org/to-array-buffer/-/to-array-buffer-1.2.4.tgz",
      "integrity": "sha1-fv3DGUpaDSsLqT+6nT7cM6EllHM=",
      "dependencies": {
        "atob-lite": "^1.0.0",
        "is-audio-buffer": "^1.0.1",
        "is-data-uri": "^0.1.0"
      }
    },
    "node_modules/typedarray-methods": {
      "version": "1.0.1",
      "resolved": "https://registry.npmjs.org/typedarray-methods/-/typedarray-methods-1.0.1.tgz",
      "integrity": "sha512-fstWAa225OZ856/4npMqgJP6U1U3vTWnqkn9wokZXzME9pORW9dV8u/v1VRGpo584udKMvCIYlNXzKoIb+UUGg=="
    },
    "node_modules/web-audio-stream": {
      "version": "3.0.1",
      "resolved": "https://registry.npmjs.org/web-audio-stream/-/web-audio-stream-3.0.1.tgz",
      "integrity": "sha1-sR0bHKzhYepKCYwm9nRK/K3HCw4=",
      "dependencies": {
        "audio-buffer-list": "^2.0.6",
        "audio-buffer-utils": "^4.3.0",
        "audio-context": "^1.0.0",
        "inherits": "^2.0.1",
        "is-audio-buffer": "^1.0.1",
        "is-plain-obj": "^1.1.0",
        "object-assign": "^4.1.1",
        "pcm-util": "^2.1.0",
        "pull-stream": "^3.4.4"
      }
    },
    "node_modules/xtend": {
      "version": "4.0.2",
      "resolved": "https://registry.npmjs.org/xtend/-/xtend-4.0.2.tgz",
      "integrity": "sha512-LKYU1iAXJXUgAXn9URjiu+MWhyUXHsvfp7mcuYm9dSUKK0/CjtrUwFAxD82/mCWbtLsGjFIad0wIsod4zrTAEQ==",
      "engines": {
        "node": ">=0.4"
      }
    }
  },
  "dependencies": {
    "arraybuffer-to-audiobuffer": {
      "version": "0.0.5",
      "resolved": "https://registry.npmjs.org/arraybuffer-to-audiobuffer/-/arraybuffer-to-audiobuffer-0.0.5.tgz",
      "integrity": "sha512-bhSUiHVdspNVh5imbfUzwkj6bbLgryVwPcF9dkG2qbJ0JBvRboDNLOcL9eHYPNJJAbsKLuRT2+DQ9VsDnfQ7fQ=="
    },
    "atob-lite": {
      "version": "1.0.0",
      "resolved": "https://registry.npmjs.org/atob-lite/-/atob-lite-1.0.0.tgz",
      "integrity": "sha1-uI3KYAaSK5YglPdVaCa6sxxKKWs="
    },
    "audio-buffer": {
      "version": "3.2.1",
      "resolved": "https://registry.npmjs.org/audio-buffer/-/audio-buffer-3.2.1.tgz",
      "integrity": "sha1-y/8sFXf7CvxckjKQLVQ7L5bdQz0=",
      "requires": {
        "audio-context": "^1.0.0",
        "buffer-to-arraybuffer": "latest",
        "is-audio-buffer": "^1.0.1",
        "is-browser": "^2.0.1",
        "is-buffer": "^1.1.0",
        "is-plain-obj": "^1.1.0"
      }
    },
    "audio-buffer-list": {
      "version": "2.0.7",
      "resolved": "https://registry.npmjs.org/audio-buffer-list/-/audio-buffer-list-2.0.7.tgz",
      "integrity": "sha1-iL5ug1F0MpVSsBQzAlwnx6189dY=",
      "requires": {
        "audio-buffer": "^3.0.0",
        "audio-buffer-utils": "^4.1.1",
        "inherits": "^2.0.3",
        "is-audio-buffer": "^1.0.5",
        "is-plain-obj": "^1.1.0",
        "negative-index": "^1.0.2",
        "object-assign": "^4.1.1"
      }
    },
    "audio-buffer-utils": {
      "version": "4.3.2",
      "resolved": "https://registry.npmjs.org/audio-buffer-utils/-/audio-buffer-utils-4.3.2.tgz",
      "integrity": "sha1-1VX67Y1s7rEgYZ45+mkTdPIQM4A=",
      "requires": {
        "audio-buffer": "^3.1.1",
        "audio-context": "^1.0.0",
        "clamp": "^1.0.1",
        "is-audio-buffer": "^1.0.0",
        "is-browser": "^2.0.1",
        "negative-index": "^1.0.2",
        "typedarray-methods": "^1.0.0"
      }
    },
    "audio-context": {
      "version": "1.0.3",
      "resolved": "https://registry.npmjs.org/audio-context/-/audio-context-1.0.3.tgz",
      "integrity": "sha512-RH3/rM74f2ITlohhjgC7oYZVS97wtv/SEjXLCzEinnrIPIDxc39m2aFc6wmdkM0NYRKo1DMleYPMAIbnTRW0eA=="
    },
    "audio-generator": {
      "version": "2.1.2",
      "resolved": "https://registry.npmjs.org/audio-generator/-/audio-generator-2.1.2.tgz",
      "integrity": "sha1-lEhPofavlHuNoDhi9NzuhLe81ak=",
      "requires": {
        "audio-buffer": "^2.4.5",
        "audio-buffer-utils": "^4.0.0",
        "audio-through": "^2.0.1",
        "inherits": "^2.0.1",
        "pcm-util": "^2.0.3",
        "xtend": "^4.0.0"
      },
      "dependencies": {
        "audio-buffer": {
          "version": "2.4.6",
          "resolved": "https://registry.npmjs.org/audio-buffer/-/audio-buffer-2.4.6.tgz",
          "integrity": "sha1-L5e9srucpG0i07AdQzT0mSTromA=",
          "requires": {
            "audio-context": "latest",
            "buffer-to-arraybuffer": "latest",
            "is-audio-buffer": "^1.0.1",
            "is-browser": "^2.0.1",
            "is-buffer": "^1.1.0"
          }
        }
      }
    },
    "audio-through": {
      "version": "2.2.3",
      "resolved": "https://registry.npmjs.org/audio-through/-/audio-through-2.2.3.tgz",
      "integrity": "sha1-FPyMN7YT0chwz67gS/RFTCiVn78=",
      "requires": {
        "audio-buffer": "^3.1.1",
        "audio-context": "^1.0.0",
        "inherits": "^2.0.1",
        "is-audio-buffer": "^1.0.1",
        "is-promise": "^2.1.0",
        "object-assign": "^4.1.1",
        "pcm-util": "^2.0.1",
        "performance-now": "^2.1.0"
      }
    },
    "buffer-to-arraybuffer": {
      "version": "0.0.5",
      "resolved": "https://registry.npmjs.org/buffer-to-arraybuffer/-/buffer-to-arraybuffer-0.0.5.tgz",
      "integrity": "sha1-YGSkD6dutDxyOrqe+PbhIW0QURo="
    },
    "clamp": {
      "version": "1.0.1",
      "resolved": "https://registry.npmjs.org/clamp/-/clamp-1.0.1.tgz",
      "integrity": "sha1-ZqDmQBGBbjcZaCj9yMjBRzEshjQ="
    },
    "data-uri-regex": {
      "version": "0.1.4",
      "resolved": "https://registry.npmjs.org/data-uri-regex/-/data-uri-regex-0.1.4.tgz",
      "integrity": "sha1-Hh22yDl+yopI7NtVrRuSfsC7rC4="
    },
    "inherits": {
      "version": "2.0.4",
      "resolved": "https://registry.npmjs.org/inherits/-/inherits-2.0.4.tgz",
      "integrity": "sha512-k/vGaX4/Yla3WzyMCvTQOXYeIHvqOKtnqBduzTHpzpQZzAskKMhZ2K+EnBiSM9zGSoIFeMpXKxa4dYeZIQqewQ=="
    },
    "is-audio-buffer": {
      "version": "1.1.0",
      "resolved": "https://registry.npmjs.org/is-audio-buffer/-/is-audio-buffer-1.1.0.tgz",
      "integrity": "sha512-fmPC/dizJmP4ITCsW5oTQGMJ9wZVE+A/zAe6FQo3XwgERxmXHmm3ON5XkWDAxmyxvsrDmWx3NArpSgamp/59AA=="
    },
    "is-browser": {
      "version": "2.1.0",
      "resolved": "https://registry.npmjs.org/is-browser/-/is-browser-2.1.0.tgz",
      "integrity": "sha512-F5rTJxDQ2sW81fcfOR1GnCXT6sVJC104fCyfj+mjpwNEwaPYSn5fte5jiHmBg3DHsIoL/l8Kvw5VN5SsTRcRFQ=="
    },
    "is-buffer": {
      "version": "1.1.6",
      "resolved": "https://registry.npmjs.org/is-buffer/-/is-buffer-1.1.6.tgz",
      "integrity": "sha512-NcdALwpXkTm5Zvvbk7owOUSvVvBKDgKP5/ewfXEznmQFfs4ZRmanOeKBTjRVjka3QFoN6XJ+9F3USqfHqTaU5w=="
    },
    "is-data-uri": {
      "version": "0.1.0",
      "resolved": "https://registry.npmjs.org/is-data-uri/-/is-data-uri-0.1.0.tgz",
      "integrity": "sha1-Ru5ntjwYwf+gvU36ss0sgccoI38=",
      "requires": {
        "data-uri-regex": "^0.1.2"
      }
    },
    "is-plain-obj": {
      "version": "1.1.0",
      "resolved": "https://registry.npmjs.org/is-plain-obj/-/is-plain-obj-1.1.0.tgz",
      "integrity": "sha1-caUMhCnfync8kqOQpKA7OfzVHT4="
    },
    "is-promise": {
      "version": "2.2.2",
      "resolved": "https://registry.npmjs.org/is-promise/-/is-promise-2.2.2.tgz",
      "integrity": "sha512-+lP4/6lKUBfQjZ2pdxThZvLUAafmZb8OAxFb8XXtiQmS35INgr85hdOGoEs124ez1FCnZJt6jau/T+alh58QFQ=="
    },
    "negative-index": {
      "version": "1.0.3",
      "resolved": "https://registry.npmjs.org/negative-index/-/negative-index-1.0.3.tgz",
      "integrity": "sha512-SzyzUmUYmerjD9gOEqizFRcDakY+Cf/59rOfqMi4bT212PN6g+jkUOjr/Sx9oOUOxi7qf6dsRwE0PPeRIq4DRw==",
      "requires": {
        "negative-zero": "^2.0.0"
      }
    },
    "negative-zero": {
      "version": "2.0.0",
      "resolved": "https://registry.npmjs.org/negative-zero/-/negative-zero-2.0.0.tgz",
      "integrity": "sha1-7jAaowFLQBgJFqGeN3kqN1ZwhVc="
    },
    "object-assign": {
      "version": "4.1.1",
      "resolved": "https://registry.npmjs.org/object-assign/-/object-assign-4.1.1.tgz",
      "integrity": "sha1-IQmtx5ZYh8/AXLvUQsrIv7s2CGM="
    },
    "pcm-util": {
      "version": "2.1.0",
      "resolved": "https://registry.npmjs.org/pcm-util/-/pcm-util-2.1.0.tgz",
      "integrity": "sha1-UazkawngEX+5L2VPYy3LLtnIYGU=",
      "requires": {
        "audio-buffer": "^3.0.0",
        "is-audio-buffer": "^1.0.1",
        "is-buffer": "^1.1.0",
        "to-array-buffer": "^1.0.0"
      }
    },
    "performance-now": {
      "version": "2.1.0",
      "resolved": "https://registry.npmjs.org/performance-now/-/performance-now-2.1.0.tgz",
      "integrity": "sha1-Ywn04OX6kT7BxpMHrjZLSzd8nns="
    },
    "pull-stream": {
      "version": "3.6.14",
      "resolved": "https://registry.npmjs.org/pull-stream/-/pull-stream-3.6.14.tgz",
      "integrity": "sha512-KIqdvpqHHaTUA2mCYcLG1ibEbu/LCKoJZsBWyv9lSYtPkJPBq8m3Hxa103xHi6D2thj5YXa0TqK3L3GUkwgnew=="
    },
    "to-array-buffer": {
      "version": "1.2.4",
      "resolved": "https://registry.npmjs.org/to-array-buffer/-/to-array-buffer-1.2.4.tgz",
      "integrity": "sha1-fv3DGUpaDSsLqT+6nT7cM6EllHM=",
      "requires": {
        "atob-lite": "^1.0.0",
        "is-audio-buffer": "^1.0.1",
        "is-data-uri": "^0.1.0"
      }
    },
    "typedarray-methods": {
      "version": "1.0.1",
      "resolved": "https://registry.npmjs.org/typedarray-methods/-/typedarray-methods-1.0.1.tgz",
      "integrity": "sha512-fstWAa225OZ856/4npMqgJP6U1U3vTWnqkn9wokZXzME9pORW9dV8u/v1VRGpo584udKMvCIYlNXzKoIb+UUGg=="
    },
    "web-audio-stream": {
      "version": "3.0.1",
      "resolved": "https://registry.npmjs.org/web-audio-stream/-/web-audio-stream-3.0.1.tgz",
      "integrity": "sha1-sR0bHKzhYepKCYwm9nRK/K3HCw4=",
      "requires": {
        "audio-buffer-list": "^2.0.6",
        "audio-buffer-utils": "^4.3.0",
        "audio-context": "^1.0.0",
        "inherits": "^2.0.1",
        "is-audio-buffer": "^1.0.1",
        "is-plain-obj": "^1.1.0",
        "object-assign": "^4.1.1",
        "pcm-util": "^2.1.0",
        "pull-stream": "^3.4.4"
      }
    },
    "xtend": {
      "version": "4.0.2",
      "resolved": "https://registry.npmjs.org/xtend/-/xtend-4.0.2.tgz",
      "integrity": "sha512-LKYU1iAXJXUgAXn9URjiu+MWhyUXHsvfp7mcuYm9dSUKK0/CjtrUwFAxD82/mCWbtLsGjFIad0wIsod4zrTAEQ=="
    }
  }
}
